
Microsoft Visual Studio Solution File, Format Version 12.00
# Visual Studio 14
VisualStudioVersion = 14.0.24720.0
MinimumVisualStudioVersion = 10.0.40219.1
Project("{8BC9CEB8-8B4A-11D0-8D11-00A0C91BC942}") = "Hello", "Hello\Hello.vcxproj", "{C0AF75D3-F9ED-451B-BEB0-9B0CF8431A93}"
EndProject
Project("{8BC9CEB8-8B4A-11D0-8D11-00A0C91BC942}") = "UVa-10901", "UVa-10901\UVa-10901.vcxproj", "{C8CBA84C-727E-4F32-A63E-3008F2D08146}"
EndProject
Project("{8BC9CEB8-8B4A-11D0-8D11-00A0C91BC942}") = "UVa-573", "UVa-573\UVa-573.vcxproj", "{6D7E00CA-6EC5-48DB-85A4-443CF412E448}"
EndProject
Project("{8BC9CEB8-8B4A-11D0-8D11-00A0C91BC942}") = "UVa-11953", "UVa-11953\UVa-11953.vcxproj", "{AA54F598-2D34-45E7-AC9C-FB872E9F3BC9}"
EndProject
Project("{8BC9CEB8-8B4A-11D0-8D11-00A0C91BC942}") = "UVa-10305", "UVa-10305\UVa-10305.vcxproj", "{45F326FD-5188-423D-86B9-3F7714A37481}"
EndProject
Project("{8BC9CEB8-8B4A-11D0-8D11-00A0C91BC942}") = "UVa-10004", "UVa-10004\UVa-10004.vcxproj", "{D54AB08A-921E-4EB8-9696-C854827C9596}"
EndProject
Project("{8BC9CEB8-8B4A-11D0-8D11-00A0C91BC942}") = "UVa-459", "UVa-459\UVa-459.vcxproj", "{0B26C442-2952-4D9E-9C65-91A3E8F71B54}"
EndProject
Project("{8BC9CEB8-8B4A-11D0-8D11-00A0C91BC942}") = "UVa-247", "UVa-247\UVa-247.vcxproj", "{5825B152-BBCA-4A04-A052-2C95E6E9CB66}"
EndProject
Project("{8BC9CEB8-8B4A-11D0-8D11-00A0C91BC942}") = "UVa-315", "UVa-315\UVa-315.vcxproj", "{F81FFF6D-3968-4BB7-9057-ADF761BE3262}"
EndProject
Project("{8BC9CEB8-8B4A-11D0-8D11-00A0C91BC942}") = "UVa-11902", "UVa-11902\UVa-11902.vcxproj", "{741E15FC-8A16-4760-8E0E-BAC1001BFCF0}"
EndProject
Global
	GlobalSection(SolutionConfigurationPlatforms) = preSolution
		Debug|x64 = Debug|x64
		Debug|x86 = Debug|x86
		Release|x64 = Release|x64
		Release|x86 = Release|x86
	EndGlobalSection
	GlobalSection(ProjectConfigurationPlatforms) = postSolution
		{C0AF75D3-F9ED-451B-BEB0-9B0CF8431A93}.Debug|x64.ActiveCfg = Debug|x64
		{C0AF75D3-F9ED-451B-BEB0-9B0CF8431A93}.Debug|x64.Build.0 = Debug|x64
		{C0AF75D3-F9ED-451B-BEB0-9B0CF8431A93}.Debug|x86.ActiveCfg = Debug|Win32
		{C0AF75D3-F9ED-451B-BEB0-9B0CF8431A93}.Debug|x86.Build.0 = Debug|Win32
		{C0AF75D3-F9ED-451B-BEB0-9B0CF8431A93}.Release|x64.ActiveCfg = Release|x64
		{C0AF75D3-F9ED-451B-BEB0-9B0CF8431A93}.Release|x64.Build.0 = Release|x64
		{C0AF75D3-F9ED-451B-BEB0-9B0CF8431A93}.Release|x86.ActiveCfg = Release|Win32
		{C0AF75D3-F9ED-451B-BEB0-9B0CF8431A93}.Release|x86.Build.0 = Release|Win32
		{C8CBA84C-727E-4F32-A63E-3008F2D08146}.Debug|x64.ActiveCfg = Debug|x64
		{C8CBA84C-727E-4F32-A63E-3008F2D08146}.Debug|x64.Build.0 = Debug|x64
		{C8CBA84C-727E-4F32-A63E-3008F2D08146}.Debug|x86.ActiveCfg = Debug|Win32
		{C8CBA84C-727E-4F32-A63E-3008F2D08146}.Debug|x86.Build.0 = Debug|Win32
		{C8CBA84C-727E-4F32-A63E-3008F2D08146}.Release|x64.ActiveCfg = Release|x64
		{C8CBA84C-727E-4F32-A63E-3008F2D08146}.Release|x64.Build.0 = Release|x64
		{C8CBA84C-727E-4F32-A63E-3008F2D08146}.Release|x86.ActiveCfg = Release|Win32
		{C8CBA84C-727E-4F32-A63E-3008F2D08146}.Release|x86.Build.0 = Release|Win32
		{6D7E00CA-6EC5-48DB-85A4-443CF412E448}.Debug|x64.ActiveCfg = Debug|x64
		{6D7E00CA-6EC5-48DB-85A4-443CF412E448}.Debug|x64.Build.0 = Debug|x64
		{6D7E00CA-6EC5-48DB-85A4-443CF412E448}.Debug|x86.ActiveCfg = Debug|Win32
		{6D7E00CA-6EC5-48DB-85A4-443CF412E448}.Debug|x86.Build.0 = Debug|Win32
		{6D7E00CA-6EC5-48DB-85A4-443CF412E448}.Release|x64.ActiveCfg = Release|x64
		{6D7E00CA-6EC5-48DB-85A4-443CF412E448}.Release|x64.Build.0 = Release|x64
		{6D7E00CA-6EC5-48DB-85A4-443CF412E448}.Release|x86.ActiveCfg = Release|Win32
		{6D7E00CA-6EC5-48DB-85A4-443CF412E448}.Release|x86.Build.0 = Release|Win32
		{AA54F598-2D34-45E7-AC9C-FB872E9F3BC9}.Debug|x64.ActiveCfg = Debug|x64
		{AA54F598-2D34-45E7-AC9C-FB872E9F3BC9}.Debug|x64.Build.0 = Debug|x64
		{AA54F598-2D34-45E7-AC9C-FB872E9F3BC9}.Debug|x86.ActiveCfg = Debug|Win32
		{AA54F598-2D34-45E7-AC9C-FB872E9F3BC9}.Debug|x86.Build.0 = Debug|Win32
		{AA54F598-2D34-45E7-AC9C-FB872E9F3BC9}.Release|x64.ActiveCfg = Release|x64
		{AA54F598-2D34-45E7-AC9C-FB872E9F3BC9}.Release|x64.Build.0 = Release|x64
		{AA54F598-2D34-45E7-AC9C-FB872E9F3BC9}.Release|x86.ActiveCfg = Release|Win32
		{AA54F598-2D34-45E7-AC9C-FB872E9F3BC9}.Release|x86.Build.0 = Release|Win32
		{45F326FD-5188-423D-86B9-3F7714A37481}.Debug|x64.ActiveCfg = Debug|x64
		{45F326FD-5188-423D-86B9-3F7714A37481}.Debug|x64.Build.0 = Debug|x64
		{45F326FD-5188-423D-86B9-3F7714A37481}.Debug|x86.ActiveCfg = Debug|Win32
		{45F326FD-5188-423D-86B9-3F7714A37481}.Debug|x86.Build.0 = Debug|Win32
		{45F326FD-5188-423D-86B9-3F7714A37481}.Release|x64.ActiveCfg = Release|x64
		{45F326FD-5188-423D-86B9-3F7714A37481}.Release|x64.Build.0 = Release|x64
		{45F326FD-5188-423D-86B9-3F7714A37481}.Release|x86.ActiveCfg = Release|Win32
		{45F326FD-5188-423D-86B9-3F7714A37481}.Release|x86.Build.0 = Release|Win32
		{D54AB08A-921E-4EB8-9696-C854827C9596}.Debug|x64.ActiveCfg = Debug|x64
		{D54AB08A-921E-4EB8-9696-C854827C9596}.Debug|x64.Build.0 = Debug|x64
		{D54AB08A-921E-4EB8-9696-C854827C9596}.Debug|x86.ActiveCfg = Debug|Win32
		{D54AB08A-921E-4EB8-9696-C854827C9596}.Debug|x86.Build.0 = Debug|Win32
		{D54AB08A-921E-4EB8-9696-C854827C9596}.Release|x64.ActiveCfg = Release|x64
		{D54AB08A-921E-4EB8-9696-C854827C9596}.Release|x64.Build.0 = Release|x64
		{D54AB08A-921E-4EB8-9696-C854827C9596}.Release|x86.ActiveCfg = Release|Win32
		{D54AB08A-921E-4EB8-9696-C854827C9596}.Release|x86.Build.0 = Release|Win32
		{0B26C442-2952-4D9E-9C65-91A3E8F71B54}.Debug|x64.ActiveCfg = Debug|x64
		{0B26C442-2952-4D9E-9C65-91A3E8F71B54}.Debug|x64.Build.0 = Debug|x64
		{0B26C442-2952-4D9E-9C65-91A3E8F71B54}.Debug|x86.ActiveCfg = Debug|Win32
		{0B26C442-2952-4D9E-9C65-91A3E8F71B54}.Debug|x86.Build.0 = Debug|Win32
		{0B26C442-2952-4D9E-9C65-91A3E8F71B54}.Release|x64.ActiveCfg = Release|x64
		{0B26C442-2952-4D9E-9C65-91A3E8F71B54}.Release|x64.Build.0 = Release|x64
		{0B26C442-2952-4D9E-9C65-91A3E8F71B54}.Release|x86.ActiveCfg = Release|Win32
		{0B26C442-2952-4D9E-9C65-91A3E8F71B54}.Release|x86.Build.0 = Release|Win32
		{5825B152-BBCA-4A04-A052-2C95E6E9CB66}.Debug|x64.ActiveCfg = Debug|x64
		{5825B152-BBCA-4A04-A052-2C95E6E9CB66}.Debug|x64.Build.0 = Debug|x64
		{5825B152-BBCA-4A04-A052-2C95E6E9CB66}.Debug|x86.ActiveCfg = Debug|Win32
		{5825B152-BBCA-4A04-A052-2C95E6E9CB66}.Debug|x86.Build.0 = Debug|Win32
		{5825B152-BBCA-4A04-A052-2C95E6E9CB66}.Release|x64.ActiveCfg = Release|x64
		{5825B152-BBCA-4A04-A052-2C95E6E9CB66}.Release|x64.Build.0 = Release|x64
		{5825B152-BBCA-4A04-A052-2C95E6E9CB66}.Release|x86.ActiveCfg = Release|Win32
		{5825B152-BBCA-4A04-A052-2C95E6E9CB66}.Release|x86.Build.0 = Release|Win32
		{F81FFF6D-3968-4BB7-9057-ADF761BE3262}.Debug|x64.ActiveCfg = Debug|x64
		{F81FFF6D-3968-4BB7-9057-ADF761BE3262}.Debug|x64.Build.0 = Debug|x64
		{F81FFF6D-3968-4BB7-9057-ADF761BE3262}.Debug|x86.ActiveCfg = Debug|Win32
		{F81FFF6D-3968-4BB7-9057-ADF761BE3262}.Debug|x86.Build.0 = Debug|Win32
		{F81FFF6D-3968-4BB7-9057-ADF761BE3262}.Release|x64.ActiveCfg = Release|x64
		{F81FFF6D-3968-4BB7-9057-ADF761BE3262}.Release|x64.Build.0 = Release|x64
		{F81FFF6D-3968-4BB7-9057-ADF761BE3262}.Release|x86.ActiveCfg = Release|Win32
		{F81FFF6D-3968-4BB7-9057-ADF761BE3262}.Release|x86.Build.0 = Release|Win32
		{741E15FC-8A16-4760-8E0E-BAC1001BFCF0}.Debug|x64.ActiveCfg = Debug|x64
		{741E15FC-8A16-4760-8E0E-BAC1001BFCF0}.Debug|x64.Build.0 = Debug|x64
		{741E15FC-8A16-4760-8E0E-BAC1001BFCF0}.Debug|x86.ActiveCfg = Debug|Win32
		{741E15FC-8A16-4760-8E0E-BAC1001BFCF0}.Debug|x86.Build.0 = Debug|Win32
		{741E15FC-8A16-4760-8E0E-BAC1001BFCF0}.Release|x64.ActiveCfg = Release|x64
		{741E15FC-8A16-4760-8E0E-BAC1001BFCF0}.Release|x64.Build.0 = Release|x64
		{741E15FC-8A16-4760-8E0E-BAC1001BFCF0}.Release|x86.ActiveCfg = Release|Win32
		{741E15FC-8A16-4760-8E0E-BAC1001BFCF0}.Release|x86.Build.0 = Release|Win32
	EndGlobalSection
	GlobalSection(SolutionProperties) = preSolution
		HideSolutionNode = FALSE
	EndGlobalSection
EndGlobal
