
Microsoft Visual Studio Solution File, Format Version 12.00
# Visual Studio 14
VisualStudioVersion = 14.0.25123.0
MinimumVisualStudioVersion = 10.0.40219.1
Project("{8BC9CEB8-8B4A-11D0-8D11-00A0C91BC942}") = "UVa-11953", "UVa-11953\UVa-11953.vcxproj", "{AA54F598-2D34-45E7-AC9C-FB872E9F3BC9}"
EndProject
Project("{8BC9CEB8-8B4A-11D0-8D11-00A0C91BC942}") = "UVa-10305", "UVa-10305\UVa-10305.vcxproj", "{45F326FD-5188-423D-86B9-3F7714A37481}"
EndProject
Project("{8BC9CEB8-8B4A-11D0-8D11-00A0C91BC942}") = "UVa-10004", "UVa-10004\UVa-10004.vcxproj", "{D54AB08A-921E-4EB8-9696-C854827C9596}"
EndProject
Project("{8BC9CEB8-8B4A-11D0-8D11-00A0C91BC942}") = "UVa-11902", "UVa-11902\UVa-11902.vcxproj", "{741E15FC-8A16-4760-8E0E-BAC1001BFCF0}"
EndProject
Project("{8BC9CEB8-8B4A-11D0-8D11-00A0C91BC942}") = "UVa-10935", "UVa-10935\UVa-10935.vcxproj", "{9A11743A-F165-46FF-BBD0-FF1D243E4890}"
EndProject
Project("{8BC9CEB8-8B4A-11D0-8D11-00A0C91BC942}") = "UVa-11034", "UVa-11034\UVa-11034.vcxproj", "{73149BEB-F2CD-4D56-AE84-84B4DAC7835B}"
EndProject
Project("{8BC9CEB8-8B4A-11D0-8D11-00A0C91BC942}") = "UVa-11172", "UVa-11172\UVa-11172.vcxproj", "{299B21BB-7E9D-4C5C-8CF4-FE1E0724CE3A}"
EndProject
Project("{8BC9CEB8-8B4A-11D0-8D11-00A0C91BC942}") = "UVa-11498", "UVa-11498\UVa-11498.vcxproj", "{FC3BBBB2-3928-4C38-AA8A-4D24743E5609}"
EndProject
Project("{8BC9CEB8-8B4A-11D0-8D11-00A0C91BC942}") = "UVa-11727", "UVa-11727\UVa-11727.vcxproj", "{32A49B05-963D-469C-8163-E0790CF91C44}"
EndProject
Project("{8BC9CEB8-8B4A-11D0-8D11-00A0C91BC942}") = "UVa-11831", "UVa-11831\UVa-11831.vcxproj", "{D1DD4F24-6B79-4B20-B538-A7A118831A96}"
EndProject
Project("{8BC9CEB8-8B4A-11D0-8D11-00A0C91BC942}") = "UVa-11631", "UVa-11631\UVa-11631.vcxproj", "{C9696FD9-61A7-42C2-9AB1-26CE8A78FE2F}"
EndProject
Project("{8BC9CEB8-8B4A-11D0-8D11-00A0C91BC942}") = "UVa-10130", "UVa-10130\UVa-10130.vcxproj", "{5FC8EBF8-90EA-4DD0-9DA6-92E1123D492C}"
EndProject
Project("{8BC9CEB8-8B4A-11D0-8D11-00A0C91BC942}") = "UVa-00990", "UVa-00990\UVa-00990.vcxproj", "{CA54C780-3672-45A0-BCD8-BFC8EEB18C17}"
EndProject
Project("{8BC9CEB8-8B4A-11D0-8D11-00A0C91BC942}") = "UVa-00124", "UVa-00124\UVa-00124.vcxproj", "{CCD18BA3-1D18-48E5-BFE7-7C5478E0EBCD}"
EndProject
Project("{8BC9CEB8-8B4A-11D0-8D11-00A0C91BC942}") = "UVa-00562", "UVa-00562\UVa-00562.vcxproj", "{EB141A22-FF4B-4DE0-A72B-16104388F2E6}"
EndProject
Project("{8BC9CEB8-8B4A-11D0-8D11-00A0C91BC942}") = "UVa-00100", "UVa-00100\UVa-00100.vcxproj", "{965DCBE5-C29F-4C86-9986-2C1439F2F9D5}"
EndProject
Project("{8BC9CEB8-8B4A-11D0-8D11-00A0C91BC942}") = "UVa-00247", "UVa-00247\UVa-00247.vcxproj", "{5825B152-BBCA-4A04-A052-2C95E6E9CB66}"
EndProject
Project("{8BC9CEB8-8B4A-11D0-8D11-00A0C91BC942}") = "UVa-00260", "UVa-00260\UVa-00260.vcxproj", "{6E094D3C-92E5-4E0F-92F7-AF6B5DD0F388}"
EndProject
Project("{8BC9CEB8-8B4A-11D0-8D11-00A0C91BC942}") = "UVa-00315", "UVa-00315\UVa-00315.vcxproj", "{F81FFF6D-3968-4BB7-9057-ADF761BE3262}"
EndProject
Project("{8BC9CEB8-8B4A-11D0-8D11-00A0C91BC942}") = "UVa-00352", "UVa-00352\UVa-00352.vcxproj", "{518A7575-B080-44C2-82BB-77D0567A0102}"
EndProject
Project("{8BC9CEB8-8B4A-11D0-8D11-00A0C91BC942}") = "UVa-00459", "UVa-00459\UVa-00459.vcxproj", "{0B26C442-2952-4D9E-9C65-91A3E8F71B54}"
EndProject
Project("{8BC9CEB8-8B4A-11D0-8D11-00A0C91BC942}") = "UVa-00573", "UVa-00573\UVa-00573.vcxproj", "{6D7E00CA-6EC5-48DB-85A4-443CF412E448}"
EndProject
Project("{8BC9CEB8-8B4A-11D0-8D11-00A0C91BC942}") = "UVa-00796", "UVa-00796\UVa-00796.vcxproj", "{B997B0E0-1CA3-4B45-9F45-C9E30D4B7416}"
EndProject
Global
	GlobalSection(SolutionConfigurationPlatforms) = preSolution
		Debug|x64 = Debug|x64
		Debug|x86 = Debug|x86
		Release|x64 = Release|x64
		Release|x86 = Release|x86
	EndGlobalSection
	GlobalSection(ProjectConfigurationPlatforms) = postSolution
		{AA54F598-2D34-45E7-AC9C-FB872E9F3BC9}.Debug|x64.ActiveCfg = Debug|x64
		{AA54F598-2D34-45E7-AC9C-FB872E9F3BC9}.Debug|x64.Build.0 = Debug|x64
		{AA54F598-2D34-45E7-AC9C-FB872E9F3BC9}.Debug|x86.ActiveCfg = Debug|Win32
		{AA54F598-2D34-45E7-AC9C-FB872E9F3BC9}.Debug|x86.Build.0 = Debug|Win32
		{AA54F598-2D34-45E7-AC9C-FB872E9F3BC9}.Release|x64.ActiveCfg = Release|x64
		{AA54F598-2D34-45E7-AC9C-FB872E9F3BC9}.Release|x64.Build.0 = Release|x64
		{AA54F598-2D34-45E7-AC9C-FB872E9F3BC9}.Release|x86.ActiveCfg = Release|Win32
		{AA54F598-2D34-45E7-AC9C-FB872E9F3BC9}.Release|x86.Build.0 = Release|Win32
		{45F326FD-5188-423D-86B9-3F7714A37481}.Debug|x64.ActiveCfg = Debug|x64
		{45F326FD-5188-423D-86B9-3F7714A37481}.Debug|x64.Build.0 = Debug|x64
		{45F326FD-5188-423D-86B9-3F7714A37481}.Debug|x86.ActiveCfg = Debug|Win32
		{45F326FD-5188-423D-86B9-3F7714A37481}.Debug|x86.Build.0 = Debug|Win32
		{45F326FD-5188-423D-86B9-3F7714A37481}.Release|x64.ActiveCfg = Release|x64
		{45F326FD-5188-423D-86B9-3F7714A37481}.Release|x64.Build.0 = Release|x64
		{45F326FD-5188-423D-86B9-3F7714A37481}.Release|x86.ActiveCfg = Release|Win32
		{45F326FD-5188-423D-86B9-3F7714A37481}.Release|x86.Build.0 = Release|Win32
		{D54AB08A-921E-4EB8-9696-C854827C9596}.Debug|x64.ActiveCfg = Debug|x64
		{D54AB08A-921E-4EB8-9696-C854827C9596}.Debug|x64.Build.0 = Debug|x64
		{D54AB08A-921E-4EB8-9696-C854827C9596}.Debug|x86.ActiveCfg = Debug|Win32
		{D54AB08A-921E-4EB8-9696-C854827C9596}.Debug|x86.Build.0 = Debug|Win32
		{D54AB08A-921E-4EB8-9696-C854827C9596}.Release|x64.ActiveCfg = Release|x64
		{D54AB08A-921E-4EB8-9696-C854827C9596}.Release|x64.Build.0 = Release|x64
		{D54AB08A-921E-4EB8-9696-C854827C9596}.Release|x86.ActiveCfg = Release|Win32
		{D54AB08A-921E-4EB8-9696-C854827C9596}.Release|x86.Build.0 = Release|Win32
		{741E15FC-8A16-4760-8E0E-BAC1001BFCF0}.Debug|x64.ActiveCfg = Debug|x64
		{741E15FC-8A16-4760-8E0E-BAC1001BFCF0}.Debug|x64.Build.0 = Debug|x64
		{741E15FC-8A16-4760-8E0E-BAC1001BFCF0}.Debug|x86.ActiveCfg = Debug|Win32
		{741E15FC-8A16-4760-8E0E-BAC1001BFCF0}.Debug|x86.Build.0 = Debug|Win32
		{741E15FC-8A16-4760-8E0E-BAC1001BFCF0}.Release|x64.ActiveCfg = Release|x64
		{741E15FC-8A16-4760-8E0E-BAC1001BFCF0}.Release|x64.Build.0 = Release|x64
		{741E15FC-8A16-4760-8E0E-BAC1001BFCF0}.Release|x86.ActiveCfg = Release|Win32
		{741E15FC-8A16-4760-8E0E-BAC1001BFCF0}.Release|x86.Build.0 = Release|Win32
		{9A11743A-F165-46FF-BBD0-FF1D243E4890}.Debug|x64.ActiveCfg = Debug|x64
		{9A11743A-F165-46FF-BBD0-FF1D243E4890}.Debug|x64.Build.0 = Debug|x64
		{9A11743A-F165-46FF-BBD0-FF1D243E4890}.Debug|x86.ActiveCfg = Debug|Win32
		{9A11743A-F165-46FF-BBD0-FF1D243E4890}.Debug|x86.Build.0 = Debug|Win32
		{9A11743A-F165-46FF-BBD0-FF1D243E4890}.Release|x64.ActiveCfg = Release|x64
		{9A11743A-F165-46FF-BBD0-FF1D243E4890}.Release|x64.Build.0 = Release|x64
		{9A11743A-F165-46FF-BBD0-FF1D243E4890}.Release|x86.ActiveCfg = Release|Win32
		{9A11743A-F165-46FF-BBD0-FF1D243E4890}.Release|x86.Build.0 = Release|Win32
		{73149BEB-F2CD-4D56-AE84-84B4DAC7835B}.Debug|x64.ActiveCfg = Debug|x64
		{73149BEB-F2CD-4D56-AE84-84B4DAC7835B}.Debug|x64.Build.0 = Debug|x64
		{73149BEB-F2CD-4D56-AE84-84B4DAC7835B}.Debug|x86.ActiveCfg = Debug|Win32
		{73149BEB-F2CD-4D56-AE84-84B4DAC7835B}.Debug|x86.Build.0 = Debug|Win32
		{73149BEB-F2CD-4D56-AE84-84B4DAC7835B}.Release|x64.ActiveCfg = Release|x64
		{73149BEB-F2CD-4D56-AE84-84B4DAC7835B}.Release|x64.Build.0 = Release|x64
		{73149BEB-F2CD-4D56-AE84-84B4DAC7835B}.Release|x86.ActiveCfg = Release|Win32
		{73149BEB-F2CD-4D56-AE84-84B4DAC7835B}.Release|x86.Build.0 = Release|Win32
		{299B21BB-7E9D-4C5C-8CF4-FE1E0724CE3A}.Debug|x64.ActiveCfg = Debug|x64
		{299B21BB-7E9D-4C5C-8CF4-FE1E0724CE3A}.Debug|x64.Build.0 = Debug|x64
		{299B21BB-7E9D-4C5C-8CF4-FE1E0724CE3A}.Debug|x86.ActiveCfg = Debug|Win32
		{299B21BB-7E9D-4C5C-8CF4-FE1E0724CE3A}.Debug|x86.Build.0 = Debug|Win32
		{299B21BB-7E9D-4C5C-8CF4-FE1E0724CE3A}.Release|x64.ActiveCfg = Release|x64
		{299B21BB-7E9D-4C5C-8CF4-FE1E0724CE3A}.Release|x64.Build.0 = Release|x64
		{299B21BB-7E9D-4C5C-8CF4-FE1E0724CE3A}.Release|x86.ActiveCfg = Release|Win32
		{299B21BB-7E9D-4C5C-8CF4-FE1E0724CE3A}.Release|x86.Build.0 = Release|Win32
		{FC3BBBB2-3928-4C38-AA8A-4D24743E5609}.Debug|x64.ActiveCfg = Debug|x64
		{FC3BBBB2-3928-4C38-AA8A-4D24743E5609}.Debug|x64.Build.0 = Debug|x64
		{FC3BBBB2-3928-4C38-AA8A-4D24743E5609}.Debug|x86.ActiveCfg = Debug|Win32
		{FC3BBBB2-3928-4C38-AA8A-4D24743E5609}.Debug|x86.Build.0 = Debug|Win32
		{FC3BBBB2-3928-4C38-AA8A-4D24743E5609}.Release|x64.ActiveCfg = Release|x64
		{FC3BBBB2-3928-4C38-AA8A-4D24743E5609}.Release|x64.Build.0 = Release|x64
		{FC3BBBB2-3928-4C38-AA8A-4D24743E5609}.Release|x86.ActiveCfg = Release|Win32
		{FC3BBBB2-3928-4C38-AA8A-4D24743E5609}.Release|x86.Build.0 = Release|Win32
		{32A49B05-963D-469C-8163-E0790CF91C44}.Debug|x64.ActiveCfg = Debug|x64
		{32A49B05-963D-469C-8163-E0790CF91C44}.Debug|x64.Build.0 = Debug|x64
		{32A49B05-963D-469C-8163-E0790CF91C44}.Debug|x86.ActiveCfg = Debug|Win32
		{32A49B05-963D-469C-8163-E0790CF91C44}.Debug|x86.Build.0 = Debug|Win32
		{32A49B05-963D-469C-8163-E0790CF91C44}.Release|x64.ActiveCfg = Release|x64
		{32A49B05-963D-469C-8163-E0790CF91C44}.Release|x64.Build.0 = Release|x64
		{32A49B05-963D-469C-8163-E0790CF91C44}.Release|x86.ActiveCfg = Release|Win32
		{32A49B05-963D-469C-8163-E0790CF91C44}.Release|x86.Build.0 = Release|Win32
		{D1DD4F24-6B79-4B20-B538-A7A118831A96}.Debug|x64.ActiveCfg = Debug|x64
		{D1DD4F24-6B79-4B20-B538-A7A118831A96}.Debug|x64.Build.0 = Debug|x64
		{D1DD4F24-6B79-4B20-B538-A7A118831A96}.Debug|x86.ActiveCfg = Debug|Win32
		{D1DD4F24-6B79-4B20-B538-A7A118831A96}.Debug|x86.Build.0 = Debug|Win32
		{D1DD4F24-6B79-4B20-B538-A7A118831A96}.Release|x64.ActiveCfg = Release|x64
		{D1DD4F24-6B79-4B20-B538-A7A118831A96}.Release|x64.Build.0 = Release|x64
		{D1DD4F24-6B79-4B20-B538-A7A118831A96}.Release|x86.ActiveCfg = Release|Win32
		{D1DD4F24-6B79-4B20-B538-A7A118831A96}.Release|x86.Build.0 = Release|Win32
		{C9696FD9-61A7-42C2-9AB1-26CE8A78FE2F}.Debug|x64.ActiveCfg = Debug|x64
		{C9696FD9-61A7-42C2-9AB1-26CE8A78FE2F}.Debug|x64.Build.0 = Debug|x64
		{C9696FD9-61A7-42C2-9AB1-26CE8A78FE2F}.Debug|x86.ActiveCfg = Debug|Win32
		{C9696FD9-61A7-42C2-9AB1-26CE8A78FE2F}.Debug|x86.Build.0 = Debug|Win32
		{C9696FD9-61A7-42C2-9AB1-26CE8A78FE2F}.Release|x64.ActiveCfg = Release|x64
		{C9696FD9-61A7-42C2-9AB1-26CE8A78FE2F}.Release|x64.Build.0 = Release|x64
		{C9696FD9-61A7-42C2-9AB1-26CE8A78FE2F}.Release|x86.ActiveCfg = Release|Win32
		{C9696FD9-61A7-42C2-9AB1-26CE8A78FE2F}.Release|x86.Build.0 = Release|Win32
		{5FC8EBF8-90EA-4DD0-9DA6-92E1123D492C}.Debug|x64.ActiveCfg = Debug|x64
		{5FC8EBF8-90EA-4DD0-9DA6-92E1123D492C}.Debug|x64.Build.0 = Debug|x64
		{5FC8EBF8-90EA-4DD0-9DA6-92E1123D492C}.Debug|x86.ActiveCfg = Debug|Win32
		{5FC8EBF8-90EA-4DD0-9DA6-92E1123D492C}.Debug|x86.Build.0 = Debug|Win32
		{5FC8EBF8-90EA-4DD0-9DA6-92E1123D492C}.Release|x64.ActiveCfg = Release|x64
		{5FC8EBF8-90EA-4DD0-9DA6-92E1123D492C}.Release|x64.Build.0 = Release|x64
		{5FC8EBF8-90EA-4DD0-9DA6-92E1123D492C}.Release|x86.ActiveCfg = Release|Win32
		{5FC8EBF8-90EA-4DD0-9DA6-92E1123D492C}.Release|x86.Build.0 = Release|Win32
		{CA54C780-3672-45A0-BCD8-BFC8EEB18C17}.Debug|x64.ActiveCfg = Debug|x64
		{CA54C780-3672-45A0-BCD8-BFC8EEB18C17}.Debug|x64.Build.0 = Debug|x64
		{CA54C780-3672-45A0-BCD8-BFC8EEB18C17}.Debug|x86.ActiveCfg = Debug|Win32
		{CA54C780-3672-45A0-BCD8-BFC8EEB18C17}.Debug|x86.Build.0 = Debug|Win32
		{CA54C780-3672-45A0-BCD8-BFC8EEB18C17}.Release|x64.ActiveCfg = Release|x64
		{CA54C780-3672-45A0-BCD8-BFC8EEB18C17}.Release|x64.Build.0 = Release|x64
		{CA54C780-3672-45A0-BCD8-BFC8EEB18C17}.Release|x86.ActiveCfg = Release|Win32
		{CA54C780-3672-45A0-BCD8-BFC8EEB18C17}.Release|x86.Build.0 = Release|Win32
		{CCD18BA3-1D18-48E5-BFE7-7C5478E0EBCD}.Debug|x64.ActiveCfg = Debug|x64
		{CCD18BA3-1D18-48E5-BFE7-7C5478E0EBCD}.Debug|x64.Build.0 = Debug|x64
		{CCD18BA3-1D18-48E5-BFE7-7C5478E0EBCD}.Debug|x86.ActiveCfg = Debug|Win32
		{CCD18BA3-1D18-48E5-BFE7-7C5478E0EBCD}.Debug|x86.Build.0 = Debug|Win32
		{CCD18BA3-1D18-48E5-BFE7-7C5478E0EBCD}.Release|x64.ActiveCfg = Release|x64
		{CCD18BA3-1D18-48E5-BFE7-7C5478E0EBCD}.Release|x64.Build.0 = Release|x64
		{CCD18BA3-1D18-48E5-BFE7-7C5478E0EBCD}.Release|x86.ActiveCfg = Release|Win32
		{CCD18BA3-1D18-48E5-BFE7-7C5478E0EBCD}.Release|x86.Build.0 = Release|Win32
		{EB141A22-FF4B-4DE0-A72B-16104388F2E6}.Debug|x64.ActiveCfg = Debug|x64
		{EB141A22-FF4B-4DE0-A72B-16104388F2E6}.Debug|x64.Build.0 = Debug|x64
		{EB141A22-FF4B-4DE0-A72B-16104388F2E6}.Debug|x86.ActiveCfg = Debug|Win32
		{EB141A22-FF4B-4DE0-A72B-16104388F2E6}.Debug|x86.Build.0 = Debug|Win32
		{EB141A22-FF4B-4DE0-A72B-16104388F2E6}.Release|x64.ActiveCfg = Release|x64
		{EB141A22-FF4B-4DE0-A72B-16104388F2E6}.Release|x64.Build.0 = Release|x64
		{EB141A22-FF4B-4DE0-A72B-16104388F2E6}.Release|x86.ActiveCfg = Release|Win32
		{EB141A22-FF4B-4DE0-A72B-16104388F2E6}.Release|x86.Build.0 = Release|Win32
		{965DCBE5-C29F-4C86-9986-2C1439F2F9D5}.Debug|x64.ActiveCfg = Debug|x64
		{965DCBE5-C29F-4C86-9986-2C1439F2F9D5}.Debug|x64.Build.0 = Debug|x64
		{965DCBE5-C29F-4C86-9986-2C1439F2F9D5}.Debug|x86.ActiveCfg = Debug|Win32
		{965DCBE5-C29F-4C86-9986-2C1439F2F9D5}.Debug|x86.Build.0 = Debug|Win32
		{965DCBE5-C29F-4C86-9986-2C1439F2F9D5}.Release|x64.ActiveCfg = Release|x64
		{965DCBE5-C29F-4C86-9986-2C1439F2F9D5}.Release|x64.Build.0 = Release|x64
		{965DCBE5-C29F-4C86-9986-2C1439F2F9D5}.Release|x86.ActiveCfg = Release|Win32
		{965DCBE5-C29F-4C86-9986-2C1439F2F9D5}.Release|x86.Build.0 = Release|Win32
		{5825B152-BBCA-4A04-A052-2C95E6E9CB66}.Debug|x64.ActiveCfg = Debug|x64
		{5825B152-BBCA-4A04-A052-2C95E6E9CB66}.Debug|x64.Build.0 = Debug|x64
		{5825B152-BBCA-4A04-A052-2C95E6E9CB66}.Debug|x86.ActiveCfg = Debug|Win32
		{5825B152-BBCA-4A04-A052-2C95E6E9CB66}.Debug|x86.Build.0 = Debug|Win32
		{5825B152-BBCA-4A04-A052-2C95E6E9CB66}.Release|x64.ActiveCfg = Release|x64
		{5825B152-BBCA-4A04-A052-2C95E6E9CB66}.Release|x64.Build.0 = Release|x64
		{5825B152-BBCA-4A04-A052-2C95E6E9CB66}.Release|x86.ActiveCfg = Release|Win32
		{5825B152-BBCA-4A04-A052-2C95E6E9CB66}.Release|x86.Build.0 = Release|Win32
		{6E094D3C-92E5-4E0F-92F7-AF6B5DD0F388}.Debug|x64.ActiveCfg = Debug|x64
		{6E094D3C-92E5-4E0F-92F7-AF6B5DD0F388}.Debug|x64.Build.0 = Debug|x64
		{6E094D3C-92E5-4E0F-92F7-AF6B5DD0F388}.Debug|x86.ActiveCfg = Debug|Win32
		{6E094D3C-92E5-4E0F-92F7-AF6B5DD0F388}.Debug|x86.Build.0 = Debug|Win32
		{6E094D3C-92E5-4E0F-92F7-AF6B5DD0F388}.Release|x64.ActiveCfg = Release|x64
		{6E094D3C-92E5-4E0F-92F7-AF6B5DD0F388}.Release|x64.Build.0 = Release|x64
		{6E094D3C-92E5-4E0F-92F7-AF6B5DD0F388}.Release|x86.ActiveCfg = Release|Win32
		{6E094D3C-92E5-4E0F-92F7-AF6B5DD0F388}.Release|x86.Build.0 = Release|Win32
		{F81FFF6D-3968-4BB7-9057-ADF761BE3262}.Debug|x64.ActiveCfg = Debug|x64
		{F81FFF6D-3968-4BB7-9057-ADF761BE3262}.Debug|x64.Build.0 = Debug|x64
		{F81FFF6D-3968-4BB7-9057-ADF761BE3262}.Debug|x86.ActiveCfg = Debug|Win32
		{F81FFF6D-3968-4BB7-9057-ADF761BE3262}.Debug|x86.Build.0 = Debug|Win32
		{F81FFF6D-3968-4BB7-9057-ADF761BE3262}.Release|x64.ActiveCfg = Release|x64
		{F81FFF6D-3968-4BB7-9057-ADF761BE3262}.Release|x64.Build.0 = Release|x64
		{F81FFF6D-3968-4BB7-9057-ADF761BE3262}.Release|x86.ActiveCfg = Release|Win32
		{F81FFF6D-3968-4BB7-9057-ADF761BE3262}.Release|x86.Build.0 = Release|Win32
		{518A7575-B080-44C2-82BB-77D0567A0102}.Debug|x64.ActiveCfg = Debug|x64
		{518A7575-B080-44C2-82BB-77D0567A0102}.Debug|x64.Build.0 = Debug|x64
		{518A7575-B080-44C2-82BB-77D0567A0102}.Debug|x86.ActiveCfg = Debug|Win32
		{518A7575-B080-44C2-82BB-77D0567A0102}.Debug|x86.Build.0 = Debug|Win32
		{518A7575-B080-44C2-82BB-77D0567A0102}.Release|x64.ActiveCfg = Release|x64
		{518A7575-B080-44C2-82BB-77D0567A0102}.Release|x64.Build.0 = Release|x64
		{518A7575-B080-44C2-82BB-77D0567A0102}.Release|x86.ActiveCfg = Release|Win32
		{518A7575-B080-44C2-82BB-77D0567A0102}.Release|x86.Build.0 = Release|Win32
		{0B26C442-2952-4D9E-9C65-91A3E8F71B54}.Debug|x64.ActiveCfg = Debug|x64
		{0B26C442-2952-4D9E-9C65-91A3E8F71B54}.Debug|x64.Build.0 = Debug|x64
		{0B26C442-2952-4D9E-9C65-91A3E8F71B54}.Debug|x86.ActiveCfg = Debug|Win32
		{0B26C442-2952-4D9E-9C65-91A3E8F71B54}.Debug|x86.Build.0 = Debug|Win32
		{0B26C442-2952-4D9E-9C65-91A3E8F71B54}.Release|x64.ActiveCfg = Release|x64
		{0B26C442-2952-4D9E-9C65-91A3E8F71B54}.Release|x64.Build.0 = Release|x64
		{0B26C442-2952-4D9E-9C65-91A3E8F71B54}.Release|x86.ActiveCfg = Release|Win32
		{0B26C442-2952-4D9E-9C65-91A3E8F71B54}.Release|x86.Build.0 = Release|Win32
		{6D7E00CA-6EC5-48DB-85A4-443CF412E448}.Debug|x64.ActiveCfg = Debug|x64
		{6D7E00CA-6EC5-48DB-85A4-443CF412E448}.Debug|x64.Build.0 = Debug|x64
		{6D7E00CA-6EC5-48DB-85A4-443CF412E448}.Debug|x86.ActiveCfg = Debug|Win32
		{6D7E00CA-6EC5-48DB-85A4-443CF412E448}.Debug|x86.Build.0 = Debug|Win32
		{6D7E00CA-6EC5-48DB-85A4-443CF412E448}.Release|x64.ActiveCfg = Release|x64
		{6D7E00CA-6EC5-48DB-85A4-443CF412E448}.Release|x64.Build.0 = Release|x64
		{6D7E00CA-6EC5-48DB-85A4-443CF412E448}.Release|x86.ActiveCfg = Release|Win32
		{6D7E00CA-6EC5-48DB-85A4-443CF412E448}.Release|x86.Build.0 = Release|Win32
		{B997B0E0-1CA3-4B45-9F45-C9E30D4B7416}.Debug|x64.ActiveCfg = Debug|x64
		{B997B0E0-1CA3-4B45-9F45-C9E30D4B7416}.Debug|x64.Build.0 = Debug|x64
		{B997B0E0-1CA3-4B45-9F45-C9E30D4B7416}.Debug|x86.ActiveCfg = Debug|Win32
		{B997B0E0-1CA3-4B45-9F45-C9E30D4B7416}.Debug|x86.Build.0 = Debug|Win32
		{B997B0E0-1CA3-4B45-9F45-C9E30D4B7416}.Release|x64.ActiveCfg = Release|x64
		{B997B0E0-1CA3-4B45-9F45-C9E30D4B7416}.Release|x64.Build.0 = Release|x64
		{B997B0E0-1CA3-4B45-9F45-C9E30D4B7416}.Release|x86.ActiveCfg = Release|Win32
		{B997B0E0-1CA3-4B45-9F45-C9E30D4B7416}.Release|x86.Build.0 = Release|Win32
	EndGlobalSection
	GlobalSection(SolutionProperties) = preSolution
		HideSolutionNode = FALSE
	EndGlobalSection
EndGlobal
